
Microsoft Visual Studio Solution File, Format Version 12.00
# Visual Studio Version 17
VisualStudioVersion = 17.4.33122.133
MinimumVisualStudioVersion = 10.0.40219.1
Project("{FAE04EC0-301F-11D3-BF4B-00C04F79EFBC}") = "CityInfoAPI", "CityInfoAPI\CityInfoAPI.csproj", "{3FB5EF68-484B-44F0-92F4-AE78A2181664}"
EndProject
Global
	GlobalSection(SolutionConfigurationPlatforms) = preSolution
		Debug|Any CPU = Debug|Any CPU
		Release|Any CPU = Release|Any CPU
	EndGlobalSection
	GlobalSection(ProjectConfigurationPlatforms) = postSolution
		{3FB5EF68-484B-44F0-92F4-AE78A2181664}.Debug|Any CPU.ActiveCfg = Debug|Any CPU
		{3FB5EF68-484B-44F0-92F4-AE78A2181664}.Debug|Any CPU.Build.0 = Debug|Any CPU
		{3FB5EF68-484B-44F0-92F4-AE78A2181664}.Release|Any CPU.ActiveCfg = Release|Any CPU
		{3FB5EF68-484B-44F0-92F4-AE78A2181664}.Release|Any CPU.Build.0 = Release|Any CPU
	EndGlobalSection
	GlobalSection(SolutionProperties) = preSolution
		HideSolutionNode = FALSE
	EndGlobalSection
	GlobalSection(ExtensibilityGlobals) = postSolution
		SolutionGuid = {80022371-411B-416A-8B8C-CC760C1B5B2D}
	EndGlobalSection
EndGlobal
